
Microsoft Visual Studio Solution File, Format Version 12.00
# Visual Studio Version 17
VisualStudioVersion = 17.0.31903.59
MinimumVisualStudioVersion = 10.0.40219.1
Project("{FAE04EC0-301F-11D3-BF4B-00C04F79EFBC}") = "RGamaFelix.ServiceResponse.RestResponse", "RGamaFelix.ServiceResponse.RestResponse\RGamaFelix.ServiceResponse.RestResponse.csproj", "{E6541287-E81C-4133-99BD-29EAA1D90A39}"
EndProject
Project("{FAE04EC0-301F-11D3-BF4B-00C04F79EFBC}") = "RGamaFelix.ServiceResponse", "RGamaFelix.ServiceResponse\RGamaFelix.ServiceResponse.csproj", "{397CC8B1-0067-45A7-9619-8F44BCD40316}"
EndProject
Project("{FAE04EC0-301F-11D3-BF4B-00C04F79EFBC}") = "RGamaFelix.ServiceResponse.Tests", "RGamaFelix.ServiceResponse.Tests\RGamaFelix.ServiceResponse.Tests.csproj", "{DEB45648-500A-46AC-B9DC-C86A4B7CC118}"
EndProject
Project("{2150E333-8FDC-42A3-9474-1A3956D46DE8}") = "SolutionItens", "SolutionItens", "{FA3E2FC0-79AE-4416-BFF1-E65CA3F71495}"
	ProjectSection(SolutionItems) = preProject
		LICENSE = LICENSE
		README.md = README.md
	EndProjectSection
EndProject
Project("{FAE04EC0-301F-11D3-BF4B-00C04F79EFBC}") = "RGamaFelix.ServiceResponse.FluentValidation", "RGamaFelix.ServiceResponse.FluentValidation\RGamaFelix.ServiceResponse.FluentValidation.csproj", "{1E977E7F-7732-4F1E-BA78-683326B9FC55}"
EndProject
Global
	GlobalSection(SolutionConfigurationPlatforms) = preSolution
		Debug|Any CPU = Debug|Any CPU
		Release|Any CPU = Release|Any CPU
	EndGlobalSection
	GlobalSection(SolutionProperties) = preSolution
		HideSolutionNode = FALSE
	EndGlobalSection
	GlobalSection(ProjectConfigurationPlatforms) = postSolution
		{E6541287-E81C-4133-99BD-29EAA1D90A39}.Debug|Any CPU.ActiveCfg = Debug|Any CPU
		{E6541287-E81C-4133-99BD-29EAA1D90A39}.Debug|Any CPU.Build.0 = Debug|Any CPU
		{E6541287-E81C-4133-99BD-29EAA1D90A39}.Release|Any CPU.ActiveCfg = Release|Any CPU
		{E6541287-E81C-4133-99BD-29EAA1D90A39}.Release|Any CPU.Build.0 = Release|Any CPU
		{397CC8B1-0067-45A7-9619-8F44BCD40316}.Debug|Any CPU.ActiveCfg = Debug|Any CPU
		{397CC8B1-0067-45A7-9619-8F44BCD40316}.Debug|Any CPU.Build.0 = Debug|Any CPU
		{397CC8B1-0067-45A7-9619-8F44BCD40316}.Release|Any CPU.ActiveCfg = Release|Any CPU
		{397CC8B1-0067-45A7-9619-8F44BCD40316}.Release|Any CPU.Build.0 = Release|Any CPU
		{DEB45648-500A-46AC-B9DC-C86A4B7CC118}.Debug|Any CPU.ActiveCfg = Debug|Any CPU
		{DEB45648-500A-46AC-B9DC-C86A4B7CC118}.Debug|Any CPU.Build.0 = Debug|Any CPU
		{DEB45648-500A-46AC-B9DC-C86A4B7CC118}.Release|Any CPU.ActiveCfg = Release|Any CPU
		{DEB45648-500A-46AC-B9DC-C86A4B7CC118}.Release|Any CPU.Build.0 = Release|Any CPU
		{1E977E7F-7732-4F1E-BA78-683326B9FC55}.Debug|Any CPU.ActiveCfg = Debug|Any CPU
		{1E977E7F-7732-4F1E-BA78-683326B9FC55}.Debug|Any CPU.Build.0 = Debug|Any CPU
		{1E977E7F-7732-4F1E-BA78-683326B9FC55}.Release|Any CPU.ActiveCfg = Release|Any CPU
		{1E977E7F-7732-4F1E-BA78-683326B9FC55}.Release|Any CPU.Build.0 = Release|Any CPU
	EndGlobalSection
EndGlobal
